
Microsoft Visual Studio Solution File, Format Version 12.00
# Visual Studio Version 17
VisualStudioVersion = 17.10.35027.167
MinimumVisualStudioVersion = 10.0.40219.1
Project("{FAE04EC0-301F-11D3-BF4B-00C04F79EFBC}") = "CarDiagnostics.API", "CarDiagnostics.API\CarDiagnostics.API.csproj", "{FA711D1C-D4DD-4648-B952-9F0D46C71C0A}"
EndProject
Project("{FAE04EC0-301F-11D3-BF4B-00C04F79EFBC}") = "CarDiagnostics.UnitTests", "CarDiagnostics.UnitTests\CarDiagnostics.UnitTests.csproj", "{42BDF340-B6DF-4946-B37F-661346062D0A}"
EndProject
Global
	GlobalSection(SolutionConfigurationPlatforms) = preSolution
		Debug|Any CPU = Debug|Any CPU
		Release|Any CPU = Release|Any CPU
	EndGlobalSection
	GlobalSection(ProjectConfigurationPlatforms) = postSolution
		{FA711D1C-D4DD-4648-B952-9F0D46C71C0A}.Debug|Any CPU.ActiveCfg = Debug|Any CPU
		{FA711D1C-D4DD-4648-B952-9F0D46C71C0A}.Debug|Any CPU.Build.0 = Debug|Any CPU
		{FA711D1C-D4DD-4648-B952-9F0D46C71C0A}.Release|Any CPU.ActiveCfg = Release|Any CPU
		{FA711D1C-D4DD-4648-B952-9F0D46C71C0A}.Release|Any CPU.Build.0 = Release|Any CPU
		{42BDF340-B6DF-4946-B37F-661346062D0A}.Debug|Any CPU.ActiveCfg = Debug|Any CPU
		{42BDF340-B6DF-4946-B37F-661346062D0A}.Debug|Any CPU.Build.0 = Debug|Any CPU
		{42BDF340-B6DF-4946-B37F-661346062D0A}.Release|Any CPU.ActiveCfg = Release|Any CPU
		{42BDF340-B6DF-4946-B37F-661346062D0A}.Release|Any CPU.Build.0 = Release|Any CPU
	EndGlobalSection
	GlobalSection(SolutionProperties) = preSolution
		HideSolutionNode = FALSE
	EndGlobalSection
	GlobalSection(ExtensibilityGlobals) = postSolution
		SolutionGuid = {AC114404-B989-46BF-BB39-E92D30BC4AC6}
	EndGlobalSection
EndGlobal
